// !$*UTF8*$!
{
	archiveVersion = 1;
	classes = {
	};
	objectVersion = 46;
	objects = {

/* Begin PBXBuildFile section */
		BA5213701DAF083E00713E64 /* LoginViewController.swift in Sources */ = {isa = PBXBuildFile; fileRef = BA52136F1DAF083E00713E64 /* LoginViewController.swift */; };
		BA60A3EF1DADEC7100412899 /* BaseTransition.swift in Sources */ = {isa = PBXBuildFile; fileRef = BA60A3ED1DADEC7100412899 /* BaseTransition.swift */; };
		BA60A3F01DADEC7100412899 /* FadeTransition.swift in Sources */ = {isa = PBXBuildFile; fileRef = BA60A3EE1DADEC7100412899 /* FadeTransition.swift */; };
		BA8C99881DADC625004D152E /* AppDelegate.swift in Sources */ = {isa = PBXBuildFile; fileRef = BA8C99871DADC625004D152E /* AppDelegate.swift */; };
		BA8C998A1DADC625004D152E /* ViewController.swift in Sources */ = {isa = PBXBuildFile; fileRef = BA8C99891DADC625004D152E /* ViewController.swift */; };
		BA8C998D1DADC625004D152E /* Main.storyboard in Resources */ = {isa = PBXBuildFile; fileRef = BA8C998B1DADC625004D152E /* Main.storyboard */; };
		BA8C998F1DADC625004D152E /* Assets.xcassets in Resources */ = {isa = PBXBuildFile; fileRef = BA8C998E1DADC625004D152E /* Assets.xcassets */; };
		BA8C99921DADC625004D152E /* LaunchScreen.storyboard in Resources */ = {isa = PBXBuildFile; fileRef = BA8C99901DADC625004D152E /* LaunchScreen.storyboard */; };
		BA8C999D1DADC625004D152E /* TumblrTests.swift in Sources */ = {isa = PBXBuildFile; fileRef = BA8C999C1DADC625004D152E /* TumblrTests.swift */; };
		BA8C99A81DADC625004D152E /* TumblrUITests.swift in Sources */ = {isa = PBXBuildFile; fileRef = BA8C99A71DADC625004D152E /* TumblrUITests.swift */; };
		BA8C99B71DADCD98004D152E /* TabBarViewController.swift in Sources */ = {isa = PBXBuildFile; fileRef = BA8C99B61DADCD98004D152E /* TabBarViewController.swift */; };
		BA8C99B91DADCDE8004D152E /* HomeViewController.swift in Sources */ = {isa = PBXBuildFile; fileRef = BA8C99B81DADCDE8004D152E /* HomeViewController.swift */; };
		BA8C99BB1DADCDF3004D152E /* SearchViewController.swift in Sources */ = {isa = PBXBuildFile; fileRef = BA8C99BA1DADCDF3004D152E /* SearchViewController.swift */; };
		BA8C99BD1DADD95E004D152E /* ComposeViewController.swift in Sources */ = {isa = PBXBuildFile; fileRef = BA8C99BC1DADD95E004D152E /* ComposeViewController.swift */; };
		BA8C99BF1DADD965004D152E /* AccountViewController.swift in Sources */ = {isa = PBXBuildFile; fileRef = BA8C99BE1DADD965004D152E /* AccountViewController.swift */; };
		BA8C99C11DADD971004D152E /* TrendingViewController.swift in Sources */ = {isa = PBXBuildFile; fileRef = BA8C99C01DADD971004D152E /* TrendingViewController.swift */; };
		BAEF89F71DB5962D00E9D03C /* Common.swift in Sources */ = {isa = PBXBuildFile; fileRef = BAEF89F61DB5962D00E9D03C /* Common.swift */; };
/* End PBXBuildFile section */

/* Begin PBXContainerItemProxy section */
		BA8C99991DADC625004D152E /* PBXContainerItemProxy */ = {
			isa = PBXContainerItemProxy;
			containerPortal = BA8C997C1DADC624004D152E /* Project object */;
			proxyType = 1;
			remoteGlobalIDString = BA8C99831DADC624004D152E;
			remoteInfo = Tumblr;
		};
		BA8C99A41DADC625004D152E /* PBXContainerItemProxy */ = {
			isa = PBXContainerItemProxy;
			containerPortal = BA8C997C1DADC624004D152E /* Project object */;
			proxyType = 1;
			remoteGlobalIDString = BA8C99831DADC624004D152E;
			remoteInfo = Tumblr;
		};
/* End PBXContainerItemProxy section */

/* Begin PBXFileReference section */
		BA52136F1DAF083E00713E64 /* LoginViewController.swift */ = {isa = PBXFileReference; fileEncoding = 4; lastKnownFileType = sourcecode.swift; path = LoginViewController.swift; sourceTree = "<group>"; };
		BA60A3ED1DADEC7100412899 /* BaseTransition.swift */ = {isa = PBXFileReference; fileEncoding = 4; lastKnownFileType = sourcecode.swift; name = BaseTransition.swift; path = "../../../../Downloads/Transition Files/BaseTransition.swift"; sourceTree = "<group>"; };
		BA60A3EE1DADEC7100412899 /* FadeTransition.swift */ = {isa = PBXFileReference; fileEncoding = 4; lastKnownFileType = sourcecode.swift; name = FadeTransition.swift; path = "../../../../Downloads/Transition Files/FadeTransition.swift"; sourceTree = "<group>"; };
		BA8C99841DADC625004D152E /* Tumblr.app */ = {isa = PBXFileReference; explicitFileType = wrapper.application; includeInIndex = 0; path = Tumblr.app; sourceTree = BUILT_PRODUCTS_DIR; };
		BA8C99871DADC625004D152E /* AppDelegate.swift */ = {isa = PBXFileReference; lastKnownFileType = sourcecode.swift; path = AppDelegate.swift; sourceTree = "<group>"; };
		BA8C99891DADC625004D152E /* ViewController.swift */ = {isa = PBXFileReference; lastKnownFileType = sourcecode.swift; path = ViewController.swift; sourceTree = "<group>"; };
		BA8C998C1DADC625004D152E /* Base */ = {isa = PBXFileReference; lastKnownFileType = file.storyboard; name = Base; path = Base.lproj/Main.storyboard; sourceTree = "<group>"; };
		BA8C998E1DADC625004D152E /* Assets.xcassets */ = {isa = PBXFileReference; lastKnownFileType = folder.assetcatalog; path = Assets.xcassets; sourceTree = "<group>"; };
		BA8C99911DADC625004D152E /* Base */ = {isa = PBXFileReference; lastKnownFileType = file.storyboard; name = Base; path = Base.lproj/LaunchScreen.storyboard; sourceTree = "<group>"; };
		BA8C99931DADC625004D152E /* Info.plist */ = {isa = PBXFileReference; lastKnownFileType = text.plist.xml; path = Info.plist; sourceTree = "<group>"; };
		BA8C99981DADC625004D152E /* TumblrTests.xctest */ = {isa = PBXFileReference; explicitFileType = wrapper.cfbundle; includeInIndex = 0; path = TumblrTests.xctest; sourceTree = BUILT_PRODUCTS_DIR; };
		BA8C999C1DADC625004D152E /* TumblrTests.swift */ = {isa = PBXFileReference; lastKnownFileType = sourcecode.swift; path = TumblrTests.swift; sourceTree = "<group>"; };
		BA8C999E1DADC625004D152E /* Info.plist */ = {isa = PBXFileReference; lastKnownFileType = text.plist.xml; path = Info.plist; sourceTree = "<group>"; };
		BA8C99A31DADC625004D152E /* TumblrUITests.xctest */ = {isa = PBXFileReference; explicitFileType = wrapper.cfbundle; includeInIndex = 0; path = TumblrUITests.xctest; sourceTree = BUILT_PRODUCTS_DIR; };
		BA8C99A71DADC625004D152E /* TumblrUITests.swift */ = {isa = PBXFileReference; lastKnownFileType = sourcecode.swift; path = TumblrUITests.swift; sourceTree = "<group>"; };
		BA8C99A91DADC625004D152E /* Info.plist */ = {isa = PBXFileReference; lastKnownFileType = text.plist.xml; path = Info.plist; sourceTree = "<group>"; };
		BA8C99B61DADCD98004D152E /* TabBarViewController.swift */ = {isa = PBXFileReference; fileEncoding = 4; lastKnownFileType = sourcecode.swift; path = TabBarViewController.swift; sourceTree = "<group>"; };
		BA8C99B81DADCDE8004D152E /* HomeViewController.swift */ = {isa = PBXFileReference; fileEncoding = 4; lastKnownFileType = sourcecode.swift; path = HomeViewController.swift; sourceTree = "<group>"; };
		BA8C99BA1DADCDF3004D152E /* SearchViewController.swift */ = {isa = PBXFileReference; fileEncoding = 4; lastKnownFileType = sourcecode.swift; path = SearchViewController.swift; sourceTree = "<group>"; };
		BA8C99BC1DADD95E004D152E /* ComposeViewController.swift */ = {isa = PBXFileReference; fileEncoding = 4; lastKnownFileType = sourcecode.swift; path = ComposeViewController.swift; sourceTree = "<group>"; };
		BA8C99BE1DADD965004D152E /* AccountViewController.swift */ = {isa = PBXFileReference; fileEncoding = 4; lastKnownFileType = sourcecode.swift; path = AccountViewController.swift; sourceTree = "<group>"; };
		BA8C99C01DADD971004D152E /* TrendingViewController.swift */ = {isa = PBXFileReference; fileEncoding = 4; lastKnownFileType = sourcecode.swift; path = TrendingViewController.swift; sourceTree = "<group>"; };
		BAEF89F61DB5962D00E9D03C /* Common.swift */ = {isa = PBXFileReference; fileEncoding = 4; lastKnownFileType = sourcecode.swift; name = Common.swift; path = ../../Resources/Common.swift; sourceTree = "<group>"; };
/* End PBXFileReference section */

/* Begin PBXFrameworksBuildPhase section */
		BA8C99811DADC624004D152E /* Frameworks */ = {
			isa = PBXFrameworksBuildPhase;
			buildActionMask = 2147483647;
			files = (
			);
			runOnlyForDeploymentPostprocessing = 0;
		};
		BA8C99951DADC625004D152E /* Frameworks */ = {
			isa = PBXFrameworksBuildPhase;
			buildActionMask = 2147483647;
			files = (
			);
			runOnlyForDeploymentPostprocessing = 0;
		};
		BA8C99A01DADC625004D152E /* Frameworks */ = {
			isa = PBXFrameworksBuildPhase;
			buildActionMask = 2147483647;
			files = (
			);
			runOnlyForDeploymentPostprocessing = 0;
		};
/* End PBXFrameworksBuildPhase section */

/* Begin PBXGroup section */
		BA8C997B1DADC624004D152E = {
			isa = PBXGroup;
			children = (
				BA8C99861DADC625004D152E /* Tumblr */,
				BA8C999B1DADC625004D152E /* TumblrTests */,
				BA8C99A61DADC625004D152E /* TumblrUITests */,
				BA8C99851DADC625004D152E /* Products */,
			);
			sourceTree = "<group>";
		};
		BA8C99851DADC625004D152E /* Products */ = {
			isa = PBXGroup;
			children = (
				BA8C99841DADC625004D152E /* Tumblr.app */,
				BA8C99981DADC625004D152E /* TumblrTests.xctest */,
				BA8C99A31DADC625004D152E /* TumblrUITests.xctest */,
			);
			name = Products;
			sourceTree = "<group>";
		};
		BA8C99861DADC625004D152E /* Tumblr */ = {
			isa = PBXGroup;
			children = (
				BA8C99B51DADCD8E004D152E /* ViewControllers */,
				BA8C99871DADC625004D152E /* AppDelegate.swift */,
				BA8C99891DADC625004D152E /* ViewController.swift */,
				BA8C998B1DADC625004D152E /* Main.storyboard */,
				BA8C998E1DADC625004D152E /* Assets.xcassets */,
				BA8C99901DADC625004D152E /* LaunchScreen.storyboard */,
				BA8C99931DADC625004D152E /* Info.plist */,
				BAEF89F61DB5962D00E9D03C /* Common.swift */,
				BA60A3ED1DADEC7100412899 /* BaseTransition.swift */,
				BA60A3EE1DADEC7100412899 /* FadeTransition.swift */,
			);
			path = Tumblr;
			sourceTree = "<group>";
		};
		BA8C999B1DADC625004D152E /* TumblrTests */ = {
			isa = PBXGroup;
			children = (
				BA8C999C1DADC625004D152E /* TumblrTests.swift */,
				BA8C999E1DADC625004D152E /* Info.plist */,
			);
			path = TumblrTests;
			sourceTree = "<group>";
		};
		BA8C99A61DADC625004D152E /* TumblrUITests */ = {
			isa = PBXGroup;
			children = (
				BA8C99A71DADC625004D152E /* TumblrUITests.swift */,
				BA8C99A91DADC625004D152E /* Info.plist */,
			);
			path = TumblrUITests;
			sourceTree = "<group>";
		};
		BA8C99B51DADCD8E004D152E /* ViewControllers */ = {
			isa = PBXGroup;
			children = (
				BA8C99B61DADCD98004D152E /* TabBarViewController.swift */,
				BA8C99B81DADCDE8004D152E /* HomeViewController.swift */,
				BA8C99BA1DADCDF3004D152E /* SearchViewController.swift */,
				BA8C99BC1DADD95E004D152E /* ComposeViewController.swift */,
				BA8C99BE1DADD965004D152E /* AccountViewController.swift */,
				BA8C99C01DADD971004D152E /* TrendingViewController.swift */,
				BA52136F1DAF083E00713E64 /* LoginViewController.swift */,
			);
			name = ViewControllers;
			sourceTree = "<group>";
		};
/* End PBXGroup section */

/* Begin PBXNativeTarget section */
		BA8C99831DADC624004D152E /* Tumblr */ = {
			isa = PBXNativeTarget;
			buildConfigurationList = BA8C99AC1DADC625004D152E /* Build configuration list for PBXNativeTarget "Tumblr" */;
			buildPhases = (
				BA8C99801DADC624004D152E /* Sources */,
				BA8C99811DADC624004D152E /* Frameworks */,
				BA8C99821DADC624004D152E /* Resources */,
			);
			buildRules = (
			);
			dependencies = (
			);
			name = Tumblr;
			productName = Tumblr;
			productReference = BA8C99841DADC625004D152E /* Tumblr.app */;
			productType = "com.apple.product-type.application";
		};
		BA8C99971DADC625004D152E /* TumblrTests */ = {
			isa = PBXNativeTarget;
			buildConfigurationList = BA8C99AF1DADC625004D152E /* Build configuration list for PBXNativeTarget "TumblrTests" */;
			buildPhases = (
				BA8C99941DADC625004D152E /* Sources */,
				BA8C99951DADC625004D152E /* Frameworks */,
				BA8C99961DADC625004D152E /* Resources */,
			);
			buildRules = (
			);
			dependencies = (
				BA8C999A1DADC625004D152E /* PBXTargetDependency */,
			);
			name = TumblrTests;
			productName = TumblrTests;
			productReference = BA8C99981DADC625004D152E /* TumblrTests.xctest */;
			productType = "com.apple.product-type.bundle.unit-test";
		};
		BA8C99A21DADC625004D152E /* TumblrUITests */ = {
			isa = PBXNativeTarget;
			buildConfigurationList = BA8C99B21DADC625004D152E /* Build configuration list for PBXNativeTarget "TumblrUITests" */;
			buildPhases = (
				BA8C999F1DADC625004D152E /* Sources */,
				BA8C99A01DADC625004D152E /* Frameworks */,
				BA8C99A11DADC625004D152E /* Resources */,
			);
			buildRules = (
			);
			dependencies = (
				BA8C99A51DADC625004D152E /* PBXTargetDependency */,
			);
			name = TumblrUITests;
			productName = TumblrUITests;
			productReference = BA8C99A31DADC625004D152E /* TumblrUITests.xctest */;
			productType = "com.apple.product-type.bundle.ui-testing";
		};
/* End PBXNativeTarget section */

/* Begin PBXProject section */
		BA8C997C1DADC624004D152E /* Project object */ = {
			isa = PBXProject;
			attributes = {
				LastSwiftUpdateCheck = 0800;
				LastUpgradeCheck = 0800;
				ORGANIZATIONNAME = "Go, Ian";
				TargetAttributes = {
					BA8C99831DADC624004D152E = {
						CreatedOnToolsVersion = 8.0;
						ProvisioningStyle = Automatic;
					};
					BA8C99971DADC625004D152E = {
						CreatedOnToolsVersion = 8.0;
						ProvisioningStyle = Automatic;
						TestTargetID = BA8C99831DADC624004D152E;
					};
					BA8C99A21DADC625004D152E = {
						CreatedOnToolsVersion = 8.0;
						ProvisioningStyle = Automatic;
						TestTargetID = BA8C99831DADC624004D152E;
					};
				};
			};
			buildConfigurationList = BA8C997F1DADC624004D152E /* Build configuration list for PBXProject "Tumblr" */;
			compatibilityVersion = "Xcode 3.2";
			developmentRegion = English;
			hasScannedForEncodings = 0;
			knownRegions = (
				en,
				Base,
			);
			mainGroup = BA8C997B1DADC624004D152E;
			productRefGroup = BA8C99851DADC625004D152E /* Products */;
			projectDirPath = "";
			projectRoot = "";
			targets = (
				BA8C99831DADC624004D152E /* Tumblr */,
				BA8C99971DADC625004D152E /* TumblrTests */,
				BA8C99A21DADC625004D152E /* TumblrUITests */,
			);
		};
/* End PBXProject section */

/* Begin PBXResourcesBuildPhase section */
		BA8C99821DADC624004D152E /* Resources */ = {
			isa = PBXResourcesBuildPhase;
			buildActionMask = 2147483647;
			files = (
				BA8C99921DADC625004D152E /* LaunchScreen.storyboard in Resources */,
				BA8C998F1DADC625004D152E /* Assets.xcassets in Resources */,
				BA8C998D1DADC625004D152E /* Main.storyboard in Resources */,
			);
			runOnlyForDeploymentPostprocessing = 0;
		};
		BA8C99961DADC625004D152E /* Resources */ = {
			isa = PBXResourcesBuildPhase;
			buildActionMask = 2147483647;
			files = (
			);
			runOnlyForDeploymentPostprocessing = 0;
		};
		BA8C99A11DADC625004D152E /* Resources */ = {
			isa = PBXResourcesBuildPhase;
			buildActionMask = 2147483647;
			files = (
			);
			runOnlyForDeploymentPostprocessing = 0;
		};
/* End PBXResourcesBuildPhase section */

/* Begin PBXSourcesBuildPhase section */
		BA8C99801DADC624004D152E /* Sources */ = {
			isa = PBXSourcesBuildPhase;
			buildActionMask = 2147483647;
			files = (
				BA8C99BB1DADCDF3004D152E /* SearchViewController.swift in Sources */,
				BA8C99C11DADD971004D152E /* TrendingViewController.swift in Sources */,
				BA8C998A1DADC625004D152E /* ViewController.swift in Sources */,
				BA8C99BF1DADD965004D152E /* AccountViewController.swift in Sources */,
				BAEF89F71DB5962D00E9D03C /* Common.swift in Sources */,
				BA60A3EF1DADEC7100412899 /* BaseTransition.swift in Sources */,
				BA8C99B71DADCD98004D152E /* TabBarViewController.swift in Sources */,
				BA60A3F01DADEC7100412899 /* FadeTransition.swift in Sources */,
				BA8C99BD1DADD95E004D152E /* ComposeViewController.swift in Sources */,
				BA8C99881DADC625004D152E /* AppDelegate.swift in Sources */,
				BA8C99B91DADCDE8004D152E /* HomeViewController.swift in Sources */,
				BA5213701DAF083E00713E64 /* LoginViewController.swift in Sources */,
			);
			runOnlyForDeploymentPostprocessing = 0;
		};
		BA8C99941DADC625004D152E /* Sources */ = {
			isa = PBXSourcesBuildPhase;
			buildActionMask = 2147483647;
			files = (
				BA8C999D1DADC625004D152E /* TumblrTests.swift in Sources */,
			);
			runOnlyForDeploymentPostprocessing = 0;
		};
		BA8C999F1DADC625004D152E /* Sources */ = {
			isa = PBXSourcesBuildPhase;
			buildActionMask = 2147483647;
			files = (
				BA8C99A81DADC625004D152E /* TumblrUITests.swift in Sources */,
			);
			runOnlyForDeploymentPostprocessing = 0;
		};
/* End PBXSourcesBuildPhase section */

/* Begin PBXTargetDependency section */
		BA8C999A1DADC625004D152E /* PBXTargetDependency */ = {
			isa = PBXTargetDependency;
			target = BA8C99831DADC624004D152E /* Tumblr */;
			targetProxy = BA8C99991DADC625004D152E /* PBXContainerItemProxy */;
		};
		BA8C99A51DADC625004D152E /* PBXTargetDependency */ = {
			isa = PBXTargetDependency;
			target = BA8C99831DADC624004D152E /* Tumblr */;
			targetProxy = BA8C99A41DADC625004D152E /* PBXContainerItemProxy */;
		};
/* End PBXTargetDependency section */

/* Begin PBXVariantGroup section */
		BA8C998B1DADC625004D152E /* Main.storyboard */ = {
			isa = PBXVariantGroup;
			children = (
				BA8C998C1DADC625004D152E /* Base */,
			);
			name = Main.storyboard;
			sourceTree = "<group>";
		};
		BA8C99901DADC625004D152E /* LaunchScreen.storyboard */ = {
			isa = PBXVariantGroup;
			children = (
				BA8C99911DADC625004D152E /* Base */,
			);
			name = LaunchScreen.storyboard;
			sourceTree = "<group>";
		};
/* End PBXVariantGroup section */

/* Begin XCBuildConfiguration section */
		BA8C99AA1DADC625004D152E /* Debug */ = {
			isa = XCBuildConfiguration;
			buildSettings = {
				ALWAYS_SEARCH_USER_PATHS = NO;
				CLANG_ANALYZER_NONNULL = YES;
				CLANG_CXX_LANGUAGE_STANDARD = "gnu++0x";
				CLANG_CXX_LIBRARY = "libc++";
				CLANG_ENABLE_MODULES = YES;
				CLANG_ENABLE_OBJC_ARC = YES;
				CLANG_WARN_BOOL_CONVERSION = YES;
				CLANG_WARN_CONSTANT_CONVERSION = YES;
				CLANG_WARN_DIRECT_OBJC_ISA_USAGE = YES_ERROR;
				CLANG_WARN_DOCUMENTATION_COMMENTS = YES;
				CLANG_WARN_EMPTY_BODY = YES;
				CLANG_WARN_ENUM_CONVERSION = YES;
				CLANG_WARN_INFINITE_RECURSION = YES;
				CLANG_WARN_INT_CONVERSION = YES;
				CLANG_WARN_OBJC_ROOT_CLASS = YES_ERROR;
				CLANG_WARN_SUSPICIOUS_MOVES = YES;
				CLANG_WARN_UNREACHABLE_CODE = YES;
				CLANG_WARN__DUPLICATE_METHOD_MATCH = YES;
				"CODE_SIGN_IDENTITY[sdk=iphoneos*]" = "iPhone Developer";
				COPY_PHASE_STRIP = NO;
				DEBUG_INFORMATION_FORMAT = dwarf;
				ENABLE_STRICT_OBJC_MSGSEND = YES;
				ENABLE_TESTABILITY = YES;
				GCC_C_LANGUAGE_STANDARD = gnu99;
				GCC_DYNAMIC_NO_PIC = NO;
				GCC_NO_COMMON_BLOCKS = YES;
				GCC_OPTIMIZATION_LEVEL = 0;
				GCC_PREPROCESSOR_DEFINITIONS = (
					"DEBUG=1",
					"$(inherited)",
				);
				GCC_WARN_64_TO_32_BIT_CONVERSION = YES;
				GCC_WARN_ABOUT_RETURN_TYPE = YES_ERROR;
				GCC_WARN_UNDECLARED_SELECTOR = YES;
				GCC_WARN_UNINITIALIZED_AUTOS = YES_AGGRESSIVE;
				GCC_WARN_UNUSED_FUNCTION = YES;
				GCC_WARN_UNUSED_VARIABLE = YES;
				IPHONEOS_DEPLOYMENT_TARGET = 10.0;
				MTL_ENABLE_DEBUG_INFO = YES;
				ONLY_ACTIVE_ARCH = YES;
				SDKROOT = iphoneos;
				SWIFT_ACTIVE_COMPILATION_CONDITIONS = DEBUG;
				SWIFT_OPTIMIZATION_LEVEL = "-Onone";
				TARGETED_DEVICE_FAMILY = "1,2";
			};
			name = Debug;
		};
		BA8C99AB1DADC625004D152E /* Release */ = {
			isa = XCBuildConfiguration;
			buildSettings = {
				ALWAYS_SEARCH_USER_PATHS = NO;
				CLANG_ANALYZER_NONNULL = YES;
				CLANG_CXX_LANGUAGE_STANDARD = "gnu++0x";
				CLANG_CXX_LIBRARY = "libc++";
				CLANG_ENABLE_MODULES = YES;
				CLANG_ENABLE_OBJC_ARC = YES;
				CLANG_WARN_BOOL_CONVERSION = YES;
				CLANG_WARN_CONSTANT_CONVERSION = YES;
				CLANG_WARN_DIRECT_OBJC_ISA_USAGE = YES_ERROR;
				CLANG_WARN_DOCUMENTATION_COMMENTS = YES;
				CLANG_WARN_EMPTY_BODY = YES;
				CLANG_WARN_ENUM_CONVERSION = YES;
				CLANG_WARN_INFINITE_RECURSION = YES;
				CLANG_WARN_INT_CONVERSION = YES;
				CLANG_WARN_OBJC_ROOT_CLASS = YES_ERROR;
				CLANG_WARN_SUSPICIOUS_MOVES = YES;
				CLANG_WARN_UNREACHABLE_CODE = YES;
				CLANG_WARN__DUPLICATE_METHOD_MATCH = YES;
				"CODE_SIGN_IDENTITY[sdk=iphoneos*]" = "iPhone Developer";
				COPY_PHASE_STRIP = NO;
				DEBUG_INFORMATION_FORMAT = "dwarf-with-dsym";
				ENABLE_NS_ASSERTIONS = NO;
				ENABLE_STRICT_OBJC_MSGSEND = YES;
				GCC_C_LANGUAGE_STANDARD = gnu99;
				GCC_NO_COMMON_BLOCKS = YES;
				GCC_WARN_64_TO_32_BIT_CONVERSION = YES;
				GCC_WARN_ABOUT_RETURN_TYPE = YES_ERROR;
				GCC_WARN_UNDECLARED_SELECTOR = YES;
				GCC_WARN_UNINITIALIZED_AUTOS = YES_AGGRESSIVE;
				GCC_WARN_UNUSED_FUNCTION = YES;
				GCC_WARN_UNUSED_VARIABLE = YES;
				IPHONEOS_DEPLOYMENT_TARGET = 10.0;
				MTL_ENABLE_DEBUG_INFO = NO;
				SDKROOT = iphoneos;
				SWIFT_OPTIMIZATION_LEVEL = "-Owholemodule";
				TARGETED_DEVICE_FAMILY = "1,2";
				VALIDATE_PRODUCT = YES;
			};
			name = Release;
		};
		BA8C99AD1DADC625004D152E /* Debug */ = {
			isa = XCBuildConfiguration;
			buildSettings = {
				ASSETCATALOG_COMPILER_APPICON_NAME = AppIcon;
				INFOPLIST_FILE = Tumblr/Info.plist;
				LD_RUNPATH_SEARCH_PATHS = "$(inherited) @executable_path/Frameworks";
				PRODUCT_BUNDLE_IDENTIFIER = com.ian.Tumblr;
				PRODUCT_NAME = "$(TARGET_NAME)";
				SWIFT_VERSION = 3.0;
			};
			name = Debug;
		};
		BA8C99AE1DADC625004D152E /* Release */ = {
			isa = XCBuildConfiguration;
			buildSettings = {
				ASSETCATALOG_COMPILER_APPICON_NAME = AppIcon;
				INFOPLIST_FILE = Tumblr/Info.plist;
				LD_RUNPATH_SEARCH_PATHS = "$(inherited) @executable_path/Frameworks";
				PRODUCT_BUNDLE_IDENTIFIER = com.ian.Tumblr;
				PRODUCT_NAME = "$(TARGET_NAME)";
				SWIFT_VERSION = 3.0;
			};
			name = Release;
		};
		BA8C99B01DADC625004D152E /* Debug */ = {
			isa = XCBuildConfiguration;
			buildSettings = {
				ALWAYS_EMBED_SWIFT_STANDARD_LIBRARIES = YES;
				BUNDLE_LOADER = "$(TEST_HOST)";
				INFOPLIST_FILE = TumblrTests/Info.plist;
				LD_RUNPATH_SEARCH_PATHS = "$(inherited) @executable_path/Frameworks @loader_path/Frameworks";
				PRODUCT_BUNDLE_IDENTIFIER = com.ian.TumblrTests;
				PRODUCT_NAME = "$(TARGET_NAME)";
				SWIFT_VERSION = 3.0;
				TEST_HOST = "$(BUILT_PRODUCTS_DIR)/Tumblr.app/Tumblr";
			};
			name = Debug;
		};
		BA8C99B11DADC625004D152E /* Release */ = {
			isa = XCBuildConfiguration;
			buildSettings = {
				ALWAYS_EMBED_SWIFT_STANDARD_LIBRARIES = YES;
				BUNDLE_LOADER = "$(TEST_HOST)";
				INFOPLIST_FILE = TumblrTests/Info.plist;
				LD_RUNPATH_SEARCH_PATHS = "$(inherited) @executable_path/Frameworks @loader_path/Frameworks";
				PRODUCT_BUNDLE_IDENTIFIER = com.ian.TumblrTests;
				PRODUCT_NAME = "$(TARGET_NAME)";
				SWIFT_VERSION = 3.0;
				TEST_HOST = "$(BUILT_PRODUCTS_DIR)/Tumblr.app/Tumblr";
			};
			name = Release;
		};
		BA8C99B31DADC625004D152E /* Debug */ = {
			isa = XCBuildConfiguration;
			buildSettings = {
				ALWAYS_EMBED_SWIFT_STANDARD_LIBRARIES = YES;
				INFOPLIST_FILE = TumblrUITests/Info.plist;
				LD_RUNPATH_SEARCH_PATHS = "$(inherited) @executable_path/Frameworks @loader_path/Frameworks";
				PRODUCT_BUNDLE_IDENTIFIER = com.ian.TumblrUITests;
				PRODUCT_NAME = "$(TARGET_NAME)";
				SWIFT_VERSION = 3.0;
				TEST_TARGET_NAME = Tumblr;
			};
			name = Debug;
		};
		BA8C99B41DADC625004D152E /* Release */ = {
			isa = XCBuildConfiguration;
			buildSettings = {
				ALWAYS_EMBED_SWIFT_STANDARD_LIBRARIES = YES;
				INFOPLIST_FILE = TumblrUITests/Info.plist;
				LD_RUNPATH_SEARCH_PATHS = "$(inherited) @executable_path/Frameworks @loader_path/Frameworks";
				PRODUCT_BUNDLE_IDENTIFIER = com.ian.TumblrUITests;
				PRODUCT_NAME = "$(TARGET_NAME)";
				SWIFT_VERSION = 3.0;
				TEST_TARGET_NAME = Tumblr;
			};
			name = Release;
		};
/* End XCBuildConfiguration section */

/* Begin XCConfigurationList section */
		BA8C997F1DADC624004D152E /* Build configuration list for PBXProject "Tumblr" */ = {
			isa = XCConfigurationList;
			buildConfigurations = (
				BA8C99AA1DADC625004D152E /* Debug */,
				BA8C99AB1DADC625004D152E /* Release */,
			);
			defaultConfigurationIsVisible = 0;
			defaultConfigurationName = Release;
		};
		BA8C99AC1DADC625004D152E /* Build configuration list for PBXNativeTarget "Tumblr" */ = {
			isa = XCConfigurationList;
			buildConfigurations = (
				BA8C99AD1DADC625004D152E /* Debug */,
				BA8C99AE1DADC625004D152E /* Release */,
			);
			defaultConfigurationIsVisible = 0;
			defaultConfigurationName = Release;
		};
		BA8C99AF1DADC625004D152E /* Build configuration list for PBXNativeTarget "TumblrTests" */ = {
			isa = XCConfigurationList;
			buildConfigurations = (
				BA8C99B01DADC625004D152E /* Debug */,
				BA8C99B11DADC625004D152E /* Release */,
			);
			defaultConfigurationIsVisible = 0;
			defaultConfigurationName = Release;
		};
		BA8C99B21DADC625004D152E /* Build configuration list for PBXNativeTarget "TumblrUITests" */ = {
			isa = XCConfigurationList;
			buildConfigurations = (
				BA8C99B31DADC625004D152E /* Debug */,
				BA8C99B41DADC625004D152E /* Release */,
			);
			defaultConfigurationIsVisible = 0;
			defaultConfigurationName = Release;
		};
/* End XCConfigurationList section */
	};
	rootObject = BA8C997C1DADC624004D152E /* Project object */;
}
